<?xml version="1.0" encoding="utf-8"?>
<Project ToolsVersion="4.0" xmlns="http://schemas.microsoft.com/developer/msbuild/2003">
  <ItemGroup>
    <Filter Include="node_util">
      <UniqueIdentifier>{719ef01b-8f33-4b0b-945a-68adfe3167e5}</UniqueIdentifier>
    </Filter>
    <Filter Include="tutorial">
      <UniqueIdentifier>{eb793da0-78a0-4b82-a1e7-62b055eb8fae}</UniqueIdentifier>
    </Filter>
    <Filter Include="rxcpp">
      <UniqueIdentifier>{287f7fb1-7ac6-4715-97da-3947ab4537ce}</UniqueIdentifier>
    </Filter>
    <Filter Include="rxcpp\operators">
      <UniqueIdentifier>{e1426422-9826-4545-b82d-ed67b1def101}</UniqueIdentifier>
    </Filter>
    <Filter Include="rxcpp\schedulers">
      <UniqueIdentifier>{3bca7155-99af-4f33-be56-13ace8e4c90d}</UniqueIdentifier>
    </Filter>
    <Filter Include="rxcpp\subjects">
      <UniqueIdentifier>{ad3066fa-ba7d-40ce-a2bd-b295a2a7d32a}</UniqueIdentifier>
    </Filter>
    <Filter Include="rxcpp\sources">
      <UniqueIdentifier>{c02d168b-9e87-432a-840c-d1dfc912596b}</UniqueIdentifier>
    </Filter>
  </ItemGroup>
  <ItemGroup>
    <ClInclude Include="node_util\node_util.hpp">
      <Filter>node_util</Filter>
    </ClInclude>
    <ClInclude Include="rxcpp\rx.hpp">
      <Filter>rxcpp</Filter>
    </ClInclude>
    <ClInclude Include="rxcpp\rx-connectable_observable.hpp">
      <Filter>rxcpp</Filter>
    </ClInclude>
    <ClInclude Include="rxcpp\rx-coordination.hpp">
      <Filter>rxcpp</Filter>
    </ClInclude>
    <ClInclude Include="rxcpp\rx-grouped_observable.hpp">
      <Filter>rxcpp</Filter>
    </ClInclude>
    <ClInclude Include="rxcpp\rx-includes.hpp">
      <Filter>rxcpp</Filter>
    </ClInclude>
    <ClInclude Include="rxcpp\rx-notification.hpp">
      <Filter>rxcpp</Filter>
    </ClInclude>
    <ClInclude Include="rxcpp\rx-observable.hpp">
      <Filter>rxcpp</Filter>
    </ClInclude>
    <ClInclude Include="rxcpp\rx-observer.hpp">
      <Filter>rxcpp</Filter>
    </ClInclude>
    <ClInclude Include="rxcpp\rx-operators.hpp">
      <Filter>rxcpp</Filter>
    </ClInclude>
    <ClInclude Include="rxcpp\rx-predef.hpp">
      <Filter>rxcpp</Filter>
    </ClInclude>
    <ClInclude Include="rxcpp\rx-scheduler.hpp">
      <Filter>rxcpp</Filter>
    </ClInclude>
    <ClInclude Include="rxcpp\rx-sources.hpp">
      <Filter>rxcpp</Filter>
    </ClInclude>
    <ClInclude Include="rxcpp\rx-subjects.hpp">
      <Filter>rxcpp</Filter>
    </ClInclude>
    <ClInclude Include="rxcpp\rx-subscriber.hpp">
      <Filter>rxcpp</Filter>
    </ClInclude>
    <ClInclude Include="rxcpp\rx-subscription.hpp">
      <Filter>rxcpp</Filter>
    </ClInclude>
    <ClInclude Include="rxcpp\rx-test.hpp">
      <Filter>rxcpp</Filter>
    </ClInclude>
    <ClInclude Include="rxcpp\rx-trace.hpp">
      <Filter>rxcpp</Filter>
    </ClInclude>
    <ClInclude Include="rxcpp\rx-util.hpp">
      <Filter>rxcpp</Filter>
    </ClInclude>
    <ClInclude Include="rxcpp\sources\rx-create.hpp">
      <Filter>rxcpp\sources</Filter>
    </ClInclude>
    <ClInclude Include="rxcpp\sources\rx-defer.hpp">
      <Filter>rxcpp\sources</Filter>
    </ClInclude>
    <ClInclude Include="rxcpp\sources\rx-error.hpp">
      <Filter>rxcpp\sources</Filter>
    </ClInclude>
    <ClInclude Include="rxcpp\sources\rx-interval.hpp">
      <Filter>rxcpp\sources</Filter>
    </ClInclude>
    <ClInclude Include="rxcpp\sources\rx-iterate.hpp">
      <Filter>rxcpp\sources</Filter>
    </ClInclude>
    <ClInclude Include="rxcpp\sources\rx-never.hpp">
      <Filter>rxcpp\sources</Filter>
    </ClInclude>
    <ClInclude Include="rxcpp\sources\rx-range.hpp">
      <Filter>rxcpp\sources</Filter>
    </ClInclude>
    <ClInclude Include="rxcpp\sources\rx-scope.hpp">
      <Filter>rxcpp\sources</Filter>
    </ClInclude>
    <ClInclude Include="rxcpp\sources\rx-timer.hpp">
      <Filter>rxcpp\sources</Filter>
    </ClInclude>
    <ClInclude Include="rxcpp\subjects\rx-behavior.hpp">
      <Filter>rxcpp\subjects</Filter>
    </ClInclude>
    <ClInclude Include="rxcpp\subjects\rx-replaysubject.hpp">
      <Filter>rxcpp\subjects</Filter>
    </ClInclude>
    <ClInclude Include="rxcpp\subjects\rx-subject.hpp">
      <Filter>rxcpp\subjects</Filter>
    </ClInclude>
    <ClInclude Include="rxcpp\subjects\rx-synchronize.hpp">
      <Filter>rxcpp\subjects</Filter>
    </ClInclude>
    <ClInclude Include="rxcpp\schedulers\rx-currentthread.hpp">
      <Filter>rxcpp\schedulers</Filter>
    </ClInclude>
    <ClInclude Include="rxcpp\schedulers\rx-eventloop.hpp">
      <Filter>rxcpp\schedulers</Filter>
    </ClInclude>
    <ClInclude Include="rxcpp\schedulers\rx-immediate.hpp">
      <Filter>rxcpp\schedulers</Filter>
    </ClInclude>
    <ClInclude Include="rxcpp\schedulers\rx-newthread.hpp">
      <Filter>rxcpp\schedulers</Filter>
    </ClInclude>
    <ClInclude Include="rxcpp\schedulers\rx-runloop.hpp">
      <Filter>rxcpp\schedulers</Filter>
    </ClInclude>
    <ClInclude Include="rxcpp\schedulers\rx-sameworker.hpp">
      <Filter>rxcpp\schedulers</Filter>
    </ClInclude>
    <ClInclude Include="rxcpp\schedulers\rx-test.hpp">
      <Filter>rxcpp\schedulers</Filter>
    </ClInclude>
    <ClInclude Include="rxcpp\schedulers\rx-virtualtime.hpp">
      <Filter>rxcpp\schedulers</Filter>
    </ClInclude>
    <ClInclude Include="rxcpp\operators\rx-amb.hpp">
      <Filter>rxcpp\operators</Filter>
    </ClInclude>
    <ClInclude Include="rxcpp\operators\rx-buffer_count.hpp">
      <Filter>rxcpp\operators</Filter>
    </ClInclude>
    <ClInclude Include="rxcpp\operators\rx-buffer_time.hpp">
      <Filter>rxcpp\operators</Filter>
    </ClInclude>
    <ClInclude Include="rxcpp\operators\rx-buffer_time_count.hpp">
      <Filter>rxcpp\operators</Filter>
    </ClInclude>
    <ClInclude Include="rxcpp\operators\rx-combine_latest.hpp">
      <Filter>rxcpp\operators</Filter>
    </ClInclude>
    <ClInclude Include="rxcpp\operators\rx-concat.hpp">
      <Filter>rxcpp\operators</Filter>
    </ClInclude>
    <ClInclude Include="rxcpp\operators\rx-concat_map.hpp">
      <Filter>rxcpp\operators</Filter>
    </ClInclude>
    <ClInclude Include="rxcpp\operators\rx-connect_forever.hpp">
      <Filter>rxcpp\operators</Filter>
    </ClInclude>
    <ClInclude Include="rxcpp\operators\rx-distinct_until_changed.hpp">
      <Filter>rxcpp\operators</Filter>
    </ClInclude>
    <ClInclude Include="rxcpp\operators\rx-filter.hpp">
      <Filter>rxcpp\operators</Filter>
    </ClInclude>
    <ClInclude Include="rxcpp\operators\rx-finally.hpp">
      <Filter>rxcpp\operators</Filter>
    </ClInclude>
    <ClInclude Include="rxcpp\operators\rx-flat_map.hpp">
      <Filter>rxcpp\operators</Filter>
    </ClInclude>
    <ClInclude Include="rxcpp\operators\rx-group_by.hpp">
      <Filter>rxcpp\operators</Filter>
    </ClInclude>
    <ClInclude Include="rxcpp\operators\rx-lift.hpp">
      <Filter>rxcpp\operators</Filter>
    </ClInclude>
    <ClInclude Include="rxcpp\operators\rx-map.hpp">
      <Filter>rxcpp\operators</Filter>
    </ClInclude>
    <ClInclude Include="rxcpp\operators\rx-merge.hpp">
      <Filter>rxcpp\operators</Filter>
    </ClInclude>
    <ClInclude Include="rxcpp\operators\rx-multicast.hpp">
      <Filter>rxcpp\operators</Filter>
    </ClInclude>
    <ClInclude Include="rxcpp\operators\rx-observe_on.hpp">
      <Filter>rxcpp\operators</Filter>
    </ClInclude>
    <ClInclude Include="rxcpp\operators\rx-on_error_resume_next.hpp">
      <Filter>rxcpp\operators</Filter>
    </ClInclude>
    <ClInclude Include="rxcpp\operators\rx-pairwise.hpp">
      <Filter>rxcpp\operators</Filter>
    </ClInclude>
    <ClInclude Include="rxcpp\operators\rx-publish.hpp">
      <Filter>rxcpp\operators</Filter>
    </ClInclude>
    <ClInclude Include="rxcpp\operators\rx-reduce.hpp">
      <Filter>rxcpp\operators</Filter>
    </ClInclude>
    <ClInclude Include="rxcpp\operators\rx-ref_count.hpp">
      <Filter>rxcpp\operators</Filter>
    </ClInclude>
    <ClInclude Include="rxcpp\operators\rx-repeat.hpp">
      <Filter>rxcpp\operators</Filter>
    </ClInclude>
    <ClInclude Include="rxcpp\operators\rx-replay.hpp">
      <Filter>rxcpp\operators</Filter>
    </ClInclude>
    <ClInclude Include="rxcpp\operators\rx-retry.hpp">
      <Filter>rxcpp\operators</Filter>
    </ClInclude>
    <ClInclude Include="rxcpp\operators\rx-scan.hpp">
      <Filter>rxcpp\operators</Filter>
    </ClInclude>
    <ClInclude Include="rxcpp\operators\rx-skip.hpp">
      <Filter>rxcpp\operators</Filter>
    </ClInclude>
    <ClInclude Include="rxcpp\operators\rx-skip_until.hpp">
      <Filter>rxcpp\operators</Filter>
    </ClInclude>
    <ClInclude Include="rxcpp\operators\rx-start_with.hpp">
      <Filter>rxcpp\operators</Filter>
    </ClInclude>
    <ClInclude Include="rxcpp\operators\rx-subscribe.hpp">
      <Filter>rxcpp\operators</Filter>
    </ClInclude>
    <ClInclude Include="rxcpp\operators\rx-subscribe_on.hpp">
      <Filter>rxcpp\operators</Filter>
    </ClInclude>
    <ClInclude Include="rxcpp\operators\rx-switch_on_next.hpp">
      <Filter>rxcpp\operators</Filter>
    </ClInclude>
    <ClInclude Include="rxcpp\operators\rx-take.hpp">
      <Filter>rxcpp\operators</Filter>
    </ClInclude>
    <ClInclude Include="rxcpp\operators\rx-take_until.hpp">
      <Filter>rxcpp\operators</Filter>
    </ClInclude>
    <ClInclude Include="rxcpp\operators\rx-tap.hpp">
      <Filter>rxcpp\operators</Filter>
    </ClInclude>
    <ClInclude Include="rxcpp\operators\rx-window.hpp">
      <Filter>rxcpp\operators</Filter>
    </ClInclude>
    <ClInclude Include="rxcpp\operators\rx-window_time.hpp">
      <Filter>rxcpp\operators</Filter>
    </ClInclude>
    <ClInclude Include="rxcpp\operators\rx-window_time_count.hpp">
      <Filter>rxcpp\operators</Filter>
    </ClInclude>
    <ClInclude Include="rxcpp\operators\rx-zip.hpp">
      <Filter>rxcpp\operators</Filter>
    </ClInclude>
    <ClInclude Include="node_util\basic.hpp">
      <Filter>node_util</Filter>
    </ClInclude>
    <ClInclude Include="node_util\console.hpp">
      <Filter>node_util</Filter>
    </ClInclude>
    <ClInclude Include="node_util\set_timeout.hpp">
      <Filter>node_util</Filter>
    </ClInclude>
    <ClInclude Include="node_util\string_conversion.hpp">
      <Filter>node_util</Filter>
    </ClInclude>
  </ItemGroup>
  <ItemGroup>
    <ClCompile Include="tutorial\01_01.cpp">
      <Filter>tutorial</Filter>
    </ClCompile>
    <ClCompile Include="tutorial\01_02.cpp">
      <Filter>tutorial</Filter>
    </ClCompile>
    <ClCompile Include="tutorial\main_creating.cpp">
      <Filter>tutorial</Filter>
    </ClCompile>
  </ItemGroup>
  <ItemGroup>
    <None Include="tutorial\01_01.md">
      <Filter>tutorial</Filter>
    </None>
  </ItemGroup>
</Project>